
Microsoft Visual Studio Solution File, Format Version 12.00
# Visual Studio 14
VisualStudioVersion = 14.0.25420.1
MinimumVisualStudioVersion = 10.0.40219.1
Project("{FAE04EC0-301F-11D3-BF4B-00C04F79EFBC}") = "Assignment 5", "Assignment 5\Assignment 5.csproj", "{2AA74FB2-5F87-4D0F-B286-D65ED9461728}"
EndProject
Global
	GlobalSection(SolutionConfigurationPlatforms) = preSolution
		Debug|Any CPU = Debug|Any CPU
		Release|Any CPU = Release|Any CPU
	EndGlobalSection
	GlobalSection(ProjectConfigurationPlatforms) = postSolution
		{2AA74FB2-5F87-4D0F-B286-D65ED9461728}.Debug|Any CPU.ActiveCfg = Debug|Any CPU
		{2AA74FB2-5F87-4D0F-B286-D65ED9461728}.Debug|Any CPU.Build.0 = Debug|Any CPU
		{2AA74FB2-5F87-4D0F-B286-D65ED9461728}.Release|Any CPU.ActiveCfg = Release|Any CPU
		{2AA74FB2-5F87-4D0F-B286-D65ED9461728}.Release|Any CPU.Build.0 = Release|Any CPU
	EndGlobalSection
	GlobalSection(SolutionProperties) = preSolution
		HideSolutionNode = FALSE
	EndGlobalSection
EndGlobal
